
Microsoft Visual Studio Solution File, Format Version 12.00
# Visual Studio Version 17
VisualStudioVersion = 17.0.31903.59
MinimumVisualStudioVersion = 10.0.40219.1
Project("{2150E333-8FDC-42A3-9474-1A3956D46DE8}") = "src", "src", "{5AAE966C-EDC3-4435-960D-AB1051196DE9}"
EndProject
Project("{2150E333-8FDC-42A3-9474-1A3956D46DE8}") = "2 - Ports", "2 - Ports", "{957162A5-28EC-46B1-BDEA-49161F09B68A}"
EndProject
Project("{2150E333-8FDC-42A3-9474-1A3956D46DE8}") = "3 - Gateways", "3 - Gateways", "{B7EAA4ED-44CA-45B5-A913-12AAB30CC045}"
EndProject
Project("{2150E333-8FDC-42A3-9474-1A3956D46DE8}") = "4 - Contexts", "4 - Contexts", "{B5963FCB-2F7D-4253-9A9D-94D71C4E1BBC}"
EndProject
Project("{2150E333-8FDC-42A3-9474-1A3956D46DE8}") = "Identity", "Identity", "{1D3E1673-53EB-46EC-B89E-98A43D1D5D40}"
EndProject
Project("{2150E333-8FDC-42A3-9474-1A3956D46DE8}") = "Customer", "Customer", "{96250363-8383-4ECA-87D7-9125E7DC2B39}"
EndProject
Project("{2150E333-8FDC-42A3-9474-1A3956D46DE8}") = "Product", "Product", "{2D96791B-4E1C-4267-970C-02BE0D32E298}"
EndProject
Project("{2150E333-8FDC-42A3-9474-1A3956D46DE8}") = "Catalog", "Catalog", "{726A3701-C85E-4C1D-9B12-AA54E7A0A473}"
EndProject
Project("{2150E333-8FDC-42A3-9474-1A3956D46DE8}") = "Basket", "Basket", "{E08E0AA3-8E1A-40F6-978E-5E691C86F2D0}"
EndProject
Project("{2150E333-8FDC-42A3-9474-1A3956D46DE8}") = "Delivery", "Delivery", "{DFD5AEF0-25A6-49DE-B565-A82E4863BBF1}"
EndProject
Project("{2150E333-8FDC-42A3-9474-1A3956D46DE8}") = "Pricing", "Pricing", "{11CA04C4-467E-463E-AC4B-758F44CC407A}"
EndProject
Project("{2150E333-8FDC-42A3-9474-1A3956D46DE8}") = "Payment", "Payment", "{6BB34B27-9280-4E79-ADB1-C01FF4BABEE9}"
EndProject
Project("{2150E333-8FDC-42A3-9474-1A3956D46DE8}") = "5 - Adapters", "5 - Adapters", "{FFCCFEDC-E8C2-4A2E-BCF6-6D6AF6638C3A}"
EndProject
Project("{9A19103F-16F7-4668-BE54-9A1E7A4F7556}") = "MCIO.Demos.Store.Ports.ClientMobileBFF", "src\Ports\ClientMobileBFF\MCIO.Demos.Store.Ports.ClientMobileBFF.csproj", "{9744702A-1081-4387-82D7-BEA09B2CAB15}"
EndProject
Project("{2150E333-8FDC-42A3-9474-1A3956D46DE8}") = "99 - BuildingBlocks", "99 - BuildingBlocks", "{40180110-DBB8-4A6F-A78D-F6D771DF4A30}"
EndProject
Project("{9A19103F-16F7-4668-BE54-9A1E7A4F7556}") = "MCIO.Demos.Store.Ports.ClientWebBFF", "src\Ports\ClientWebBFF\MCIO.Demos.Store.Ports.ClientWebBFF.csproj", "{71ACBFF5-1BB9-4C71-B874-75C5F12FD4CC}"
EndProject
Project("{9A19103F-16F7-4668-BE54-9A1E7A4F7556}") = "MCIO.Demos.Store.Ports.AdminMobileBFF", "src\Ports\AdminMobileBFF\MCIO.Demos.Store.Ports.AdminMobileBFF.csproj", "{3C1CB370-7622-468A-A12F-68EC012448C8}"
EndProject
Project("{9A19103F-16F7-4668-BE54-9A1E7A4F7556}") = "MCIO.Demos.Store.Ports.AdminWebBFF", "src\Ports\AdminWebBFF\MCIO.Demos.Store.Ports.AdminWebBFF.csproj", "{32453E3C-8930-4815-9BDD-6B0F5A573A47}"
EndProject
Project("{9A19103F-16F7-4668-BE54-9A1E7A4F7556}") = "MCIO.Demos.Store.Gateways.General", "src\Gateways\General\MCIO.Demos.Store.Gateways.General.csproj", "{38087FFD-5A4F-479F-AAE3-1350709D230A}"
EndProject
Project("{9A19103F-16F7-4668-BE54-9A1E7A4F7556}") = "MCIO.Demos.Store.Basket.WebApi", "src\Contexts\Basket\WebApi\MCIO.Demos.Store.Basket.WebApi.csproj", "{8A773366-2838-4425-9B1F-97CCBBD814A2}"
EndProject
Project("{9A19103F-16F7-4668-BE54-9A1E7A4F7556}") = "MCIO.Demos.Store.Catalog.WebApi", "src\Contexts\Catalog\WebApi\MCIO.Demos.Store.Catalog.WebApi.csproj", "{7F40879E-F0FB-4039-8E32-51B29B82F56E}"
EndProject
Project("{9A19103F-16F7-4668-BE54-9A1E7A4F7556}") = "MCIO.Demos.Store.Identity.WebApi", "src\Contexts\Identity\WebApi\MCIO.Demos.Store.Identity.WebApi.csproj", "{A08FCCDB-3BCC-4479-AC93-BB6C5E9F92FA}"
EndProject
Project("{9A19103F-16F7-4668-BE54-9A1E7A4F7556}") = "MCIO.Demos.Store.Product.WebApi", "src\Contexts\Product\WebApi\MCIO.Demos.Store.Product.WebApi.csproj", "{29C7D1F4-34CE-4777-8A56-132A6CC4AA95}"
EndProject
Project("{9A19103F-16F7-4668-BE54-9A1E7A4F7556}") = "MCIO.Demos.Store.Delivery.WebApi", "src\Contexts\Delivery\WebApi\MCIO.Demos.Store.Delivery.WebApi.csproj", "{97F97D01-78F5-4939-9409-C06F08303986}"
EndProject
Project("{9A19103F-16F7-4668-BE54-9A1E7A4F7556}") = "MCIO.Demos.Store.Pricing.WebApi", "src\Contexts\Pricing\WebApi\MCIO.Demos.Store.Pricing.WebApi.csproj", "{7C677F28-BA10-4937-BBA7-B854519155FC}"
EndProject
Project("{2150E333-8FDC-42A3-9474-1A3956D46DE8}") = "Solution Items", "Solution Items", "{E8956B89-CF32-4178-BF4E-93A7E1BC8546}"
	ProjectSection(SolutionItems) = preProject
		docker-compose.yml = docker-compose.yml
		config\nginx\nginx.conf = config\nginx\nginx.conf
		README.md = README.md
	EndProjectSection
EndProject
Project("{9A19103F-16F7-4668-BE54-9A1E7A4F7556}") = "MCIO.Demos.Store.Payment.WebApi", "src\Contexts\Payment\WebApi\MCIO.Demos.Store.Payment.WebApi.csproj", "{18F2ADD4-8CA7-4494-8306-4D4827A911AF}"
EndProject
Project("{2150E333-8FDC-42A3-9474-1A3956D46DE8}") = "Notification", "Notification", "{0B2B3968-1832-408A-BA3D-137E5F114F8C}"
EndProject
Project("{9A19103F-16F7-4668-BE54-9A1E7A4F7556}") = "MCIO.Demos.Store.Notification.WebApi", "src\Contexts\Notification\WebApi\MCIO.Demos.Store.Notification.WebApi.csproj", "{708367E7-9A9A-48DD-98C1-61CA33EAC5EA}"
EndProject
Project("{2150E333-8FDC-42A3-9474-1A3956D46DE8}") = "Analytics", "Analytics", "{9DDD0B80-4672-4BEE-A834-A79DBBDA6942}"
EndProject
Project("{9A19103F-16F7-4668-BE54-9A1E7A4F7556}") = "MCIO.Demos.Store.Analytics.WebApi", "src\Contexts\Analytics\WebApi\MCIO.Demos.Store.Analytics.WebApi.csproj", "{81F1D7FE-5E64-4E2E-8205-311F9A4A13F7}"
EndProject
Project("{9A19103F-16F7-4668-BE54-9A1E7A4F7556}") = "MCIO.Demos.Store.Customer.WebApi", "src\Contexts\Customer\WebApi\MCIO.Demos.Store.Customer.WebApi.csproj", "{B4B7C713-CC0E-4BE8-AC9E-4417507ECE04}"
EndProject
Project("{2150E333-8FDC-42A3-9474-1A3956D46DE8}") = "Order", "Order", "{4D3CD437-C39E-483B-8C09-A552D8F42EEE}"
EndProject
Project("{9A19103F-16F7-4668-BE54-9A1E7A4F7556}") = "MCIO.Demos.Store.Order.WebApi", "src\Contexts\Order\WebApi\MCIO.Demos.Store.Order.WebApi.csproj", "{A69EBC7E-EB89-4630-A55B-741CACF83015}"
EndProject
Project("{9A19103F-16F7-4668-BE54-9A1E7A4F7556}") = "MCIO.Demos.Store.BuildingBlock.Core", "src\BuildingBlock\Core\MCIO.Demos.Store.BuildingBlock.Core.csproj", "{E9FDDB38-3AB4-48B7-8DBB-AA73B89C4432}"
EndProject
Project("{9A19103F-16F7-4668-BE54-9A1E7A4F7556}") = "MCIO.Demos.Store.BuildingBlock.WebApi", "src\BuildingBlock\WebApi\MCIO.Demos.Store.BuildingBlock.WebApi.csproj", "{701F3CB6-F710-4292-B2DA-EC7CBD6CAB21}"
EndProject
Project("{2150E333-8FDC-42A3-9474-1A3956D46DE8}") = "AdminMobileBFF", "AdminMobileBFF", "{0C028BCD-B013-4AD7-8225-733E1E526AB5}"
EndProject
Project("{2150E333-8FDC-42A3-9474-1A3956D46DE8}") = "AdminWebBFF", "AdminWebBFF", "{FB6E5AF7-1308-465C-9FB1-AA4C851E5D05}"
EndProject
Project("{2150E333-8FDC-42A3-9474-1A3956D46DE8}") = "ClientMobileBFF", "ClientMobileBFF", "{2C8AAC5A-9455-456E-A813-0227B7234BDD}"
EndProject
Project("{2150E333-8FDC-42A3-9474-1A3956D46DE8}") = "ClientWebBFF", "ClientWebBFF", "{048EABC7-F5D0-40AB-A279-E2DF21DE054B}"
EndProject
Project("{2150E333-8FDC-42A3-9474-1A3956D46DE8}") = "General", "General", "{6E14354C-D1B3-4897-BC46-7668A4B3A1CA}"
EndProject
Project("{2150E333-8FDC-42A3-9474-1A3956D46DE8}") = "Calendar", "Calendar", "{B4895D1C-B189-4F73-8E02-573D3A890F9C}"
EndProject
Project("{9A19103F-16F7-4668-BE54-9A1E7A4F7556}") = "MCIO.Demos.Store.Calendar.WebApi", "src\Contexts\Calendar\WebApi\MCIO.Demos.Store.Calendar.WebApi.csproj", "{7767519E-2DFB-4AC0-A9C9-6DEC192523BC}"
EndProject
Project("{9A19103F-16F7-4668-BE54-9A1E7A4F7556}") = "MCIO.Demos.Store.BuildingBlock.Grpc", "src\BuildingBlock\Grpc\MCIO.Demos.Store.BuildingBlock.Grpc.csproj", "{C93C6041-5CF0-4D64-889E-92BB0D5216F7}"
EndProject
Project("{9A19103F-16F7-4668-BE54-9A1E7A4F7556}") = "MCIO.Demos.Store.BuildingBlock.Grpc.DependencyInjection", "src\BuildingBlock\Grpc.DependencyInjection\MCIO.Demos.Store.BuildingBlock.Grpc.DependencyInjection.csproj", "{5B1D7D73-C16B-4873-A4CF-2B611196B210}"
EndProject
Global
	GlobalSection(SolutionConfigurationPlatforms) = preSolution
		Debug|Any CPU = Debug|Any CPU
		Release|Any CPU = Release|Any CPU
	EndGlobalSection
	GlobalSection(ProjectConfigurationPlatforms) = postSolution
		{9744702A-1081-4387-82D7-BEA09B2CAB15}.Debug|Any CPU.ActiveCfg = Debug|Any CPU
		{9744702A-1081-4387-82D7-BEA09B2CAB15}.Debug|Any CPU.Build.0 = Debug|Any CPU
		{9744702A-1081-4387-82D7-BEA09B2CAB15}.Release|Any CPU.ActiveCfg = Release|Any CPU
		{9744702A-1081-4387-82D7-BEA09B2CAB15}.Release|Any CPU.Build.0 = Release|Any CPU
		{71ACBFF5-1BB9-4C71-B874-75C5F12FD4CC}.Debug|Any CPU.ActiveCfg = Debug|Any CPU
		{71ACBFF5-1BB9-4C71-B874-75C5F12FD4CC}.Debug|Any CPU.Build.0 = Debug|Any CPU
		{71ACBFF5-1BB9-4C71-B874-75C5F12FD4CC}.Release|Any CPU.ActiveCfg = Release|Any CPU
		{71ACBFF5-1BB9-4C71-B874-75C5F12FD4CC}.Release|Any CPU.Build.0 = Release|Any CPU
		{3C1CB370-7622-468A-A12F-68EC012448C8}.Debug|Any CPU.ActiveCfg = Debug|Any CPU
		{3C1CB370-7622-468A-A12F-68EC012448C8}.Debug|Any CPU.Build.0 = Debug|Any CPU
		{3C1CB370-7622-468A-A12F-68EC012448C8}.Release|Any CPU.ActiveCfg = Release|Any CPU
		{3C1CB370-7622-468A-A12F-68EC012448C8}.Release|Any CPU.Build.0 = Release|Any CPU
		{32453E3C-8930-4815-9BDD-6B0F5A573A47}.Debug|Any CPU.ActiveCfg = Debug|Any CPU
		{32453E3C-8930-4815-9BDD-6B0F5A573A47}.Debug|Any CPU.Build.0 = Debug|Any CPU
		{32453E3C-8930-4815-9BDD-6B0F5A573A47}.Release|Any CPU.ActiveCfg = Release|Any CPU
		{32453E3C-8930-4815-9BDD-6B0F5A573A47}.Release|Any CPU.Build.0 = Release|Any CPU
		{38087FFD-5A4F-479F-AAE3-1350709D230A}.Debug|Any CPU.ActiveCfg = Debug|Any CPU
		{38087FFD-5A4F-479F-AAE3-1350709D230A}.Debug|Any CPU.Build.0 = Debug|Any CPU
		{38087FFD-5A4F-479F-AAE3-1350709D230A}.Release|Any CPU.ActiveCfg = Release|Any CPU
		{38087FFD-5A4F-479F-AAE3-1350709D230A}.Release|Any CPU.Build.0 = Release|Any CPU
		{8A773366-2838-4425-9B1F-97CCBBD814A2}.Debug|Any CPU.ActiveCfg = Debug|Any CPU
		{8A773366-2838-4425-9B1F-97CCBBD814A2}.Debug|Any CPU.Build.0 = Debug|Any CPU
		{8A773366-2838-4425-9B1F-97CCBBD814A2}.Release|Any CPU.ActiveCfg = Release|Any CPU
		{8A773366-2838-4425-9B1F-97CCBBD814A2}.Release|Any CPU.Build.0 = Release|Any CPU
		{7F40879E-F0FB-4039-8E32-51B29B82F56E}.Debug|Any CPU.ActiveCfg = Debug|Any CPU
		{7F40879E-F0FB-4039-8E32-51B29B82F56E}.Debug|Any CPU.Build.0 = Debug|Any CPU
		{7F40879E-F0FB-4039-8E32-51B29B82F56E}.Release|Any CPU.ActiveCfg = Release|Any CPU
		{7F40879E-F0FB-4039-8E32-51B29B82F56E}.Release|Any CPU.Build.0 = Release|Any CPU
		{A08FCCDB-3BCC-4479-AC93-BB6C5E9F92FA}.Debug|Any CPU.ActiveCfg = Debug|Any CPU
		{A08FCCDB-3BCC-4479-AC93-BB6C5E9F92FA}.Debug|Any CPU.Build.0 = Debug|Any CPU
		{A08FCCDB-3BCC-4479-AC93-BB6C5E9F92FA}.Release|Any CPU.ActiveCfg = Release|Any CPU
		{A08FCCDB-3BCC-4479-AC93-BB6C5E9F92FA}.Release|Any CPU.Build.0 = Release|Any CPU
		{29C7D1F4-34CE-4777-8A56-132A6CC4AA95}.Debug|Any CPU.ActiveCfg = Debug|Any CPU
		{29C7D1F4-34CE-4777-8A56-132A6CC4AA95}.Debug|Any CPU.Build.0 = Debug|Any CPU
		{29C7D1F4-34CE-4777-8A56-132A6CC4AA95}.Release|Any CPU.ActiveCfg = Release|Any CPU
		{29C7D1F4-34CE-4777-8A56-132A6CC4AA95}.Release|Any CPU.Build.0 = Release|Any CPU
		{97F97D01-78F5-4939-9409-C06F08303986}.Debug|Any CPU.ActiveCfg = Debug|Any CPU
		{97F97D01-78F5-4939-9409-C06F08303986}.Debug|Any CPU.Build.0 = Debug|Any CPU
		{97F97D01-78F5-4939-9409-C06F08303986}.Release|Any CPU.ActiveCfg = Release|Any CPU
		{97F97D01-78F5-4939-9409-C06F08303986}.Release|Any CPU.Build.0 = Release|Any CPU
		{7C677F28-BA10-4937-BBA7-B854519155FC}.Debug|Any CPU.ActiveCfg = Debug|Any CPU
		{7C677F28-BA10-4937-BBA7-B854519155FC}.Debug|Any CPU.Build.0 = Debug|Any CPU
		{7C677F28-BA10-4937-BBA7-B854519155FC}.Release|Any CPU.ActiveCfg = Release|Any CPU
		{7C677F28-BA10-4937-BBA7-B854519155FC}.Release|Any CPU.Build.0 = Release|Any CPU
		{18F2ADD4-8CA7-4494-8306-4D4827A911AF}.Debug|Any CPU.ActiveCfg = Debug|Any CPU
		{18F2ADD4-8CA7-4494-8306-4D4827A911AF}.Debug|Any CPU.Build.0 = Debug|Any CPU
		{18F2ADD4-8CA7-4494-8306-4D4827A911AF}.Release|Any CPU.ActiveCfg = Release|Any CPU
		{18F2ADD4-8CA7-4494-8306-4D4827A911AF}.Release|Any CPU.Build.0 = Release|Any CPU
		{708367E7-9A9A-48DD-98C1-61CA33EAC5EA}.Debug|Any CPU.ActiveCfg = Debug|Any CPU
		{708367E7-9A9A-48DD-98C1-61CA33EAC5EA}.Debug|Any CPU.Build.0 = Debug|Any CPU
		{708367E7-9A9A-48DD-98C1-61CA33EAC5EA}.Release|Any CPU.ActiveCfg = Release|Any CPU
		{708367E7-9A9A-48DD-98C1-61CA33EAC5EA}.Release|Any CPU.Build.0 = Release|Any CPU
		{81F1D7FE-5E64-4E2E-8205-311F9A4A13F7}.Debug|Any CPU.ActiveCfg = Debug|Any CPU
		{81F1D7FE-5E64-4E2E-8205-311F9A4A13F7}.Debug|Any CPU.Build.0 = Debug|Any CPU
		{81F1D7FE-5E64-4E2E-8205-311F9A4A13F7}.Release|Any CPU.ActiveCfg = Release|Any CPU
		{81F1D7FE-5E64-4E2E-8205-311F9A4A13F7}.Release|Any CPU.Build.0 = Release|Any CPU
		{B4B7C713-CC0E-4BE8-AC9E-4417507ECE04}.Debug|Any CPU.ActiveCfg = Debug|Any CPU
		{B4B7C713-CC0E-4BE8-AC9E-4417507ECE04}.Debug|Any CPU.Build.0 = Debug|Any CPU
		{B4B7C713-CC0E-4BE8-AC9E-4417507ECE04}.Release|Any CPU.ActiveCfg = Release|Any CPU
		{B4B7C713-CC0E-4BE8-AC9E-4417507ECE04}.Release|Any CPU.Build.0 = Release|Any CPU
		{A69EBC7E-EB89-4630-A55B-741CACF83015}.Debug|Any CPU.ActiveCfg = Debug|Any CPU
		{A69EBC7E-EB89-4630-A55B-741CACF83015}.Debug|Any CPU.Build.0 = Debug|Any CPU
		{A69EBC7E-EB89-4630-A55B-741CACF83015}.Release|Any CPU.ActiveCfg = Release|Any CPU
		{A69EBC7E-EB89-4630-A55B-741CACF83015}.Release|Any CPU.Build.0 = Release|Any CPU
		{E9FDDB38-3AB4-48B7-8DBB-AA73B89C4432}.Debug|Any CPU.ActiveCfg = Debug|Any CPU
		{E9FDDB38-3AB4-48B7-8DBB-AA73B89C4432}.Debug|Any CPU.Build.0 = Debug|Any CPU
		{E9FDDB38-3AB4-48B7-8DBB-AA73B89C4432}.Release|Any CPU.ActiveCfg = Release|Any CPU
		{E9FDDB38-3AB4-48B7-8DBB-AA73B89C4432}.Release|Any CPU.Build.0 = Release|Any CPU
		{701F3CB6-F710-4292-B2DA-EC7CBD6CAB21}.Debug|Any CPU.ActiveCfg = Debug|Any CPU
		{701F3CB6-F710-4292-B2DA-EC7CBD6CAB21}.Debug|Any CPU.Build.0 = Debug|Any CPU
		{701F3CB6-F710-4292-B2DA-EC7CBD6CAB21}.Release|Any CPU.ActiveCfg = Release|Any CPU
		{701F3CB6-F710-4292-B2DA-EC7CBD6CAB21}.Release|Any CPU.Build.0 = Release|Any CPU
		{7767519E-2DFB-4AC0-A9C9-6DEC192523BC}.Debug|Any CPU.ActiveCfg = Debug|Any CPU
		{7767519E-2DFB-4AC0-A9C9-6DEC192523BC}.Debug|Any CPU.Build.0 = Debug|Any CPU
		{7767519E-2DFB-4AC0-A9C9-6DEC192523BC}.Release|Any CPU.ActiveCfg = Release|Any CPU
		{7767519E-2DFB-4AC0-A9C9-6DEC192523BC}.Release|Any CPU.Build.0 = Release|Any CPU
		{C93C6041-5CF0-4D64-889E-92BB0D5216F7}.Debug|Any CPU.ActiveCfg = Debug|Any CPU
		{C93C6041-5CF0-4D64-889E-92BB0D5216F7}.Debug|Any CPU.Build.0 = Debug|Any CPU
		{C93C6041-5CF0-4D64-889E-92BB0D5216F7}.Release|Any CPU.ActiveCfg = Release|Any CPU
		{C93C6041-5CF0-4D64-889E-92BB0D5216F7}.Release|Any CPU.Build.0 = Release|Any CPU
		{5B1D7D73-C16B-4873-A4CF-2B611196B210}.Debug|Any CPU.ActiveCfg = Debug|Any CPU
		{5B1D7D73-C16B-4873-A4CF-2B611196B210}.Debug|Any CPU.Build.0 = Debug|Any CPU
		{5B1D7D73-C16B-4873-A4CF-2B611196B210}.Release|Any CPU.ActiveCfg = Release|Any CPU
		{5B1D7D73-C16B-4873-A4CF-2B611196B210}.Release|Any CPU.Build.0 = Release|Any CPU
	EndGlobalSection
	GlobalSection(SolutionProperties) = preSolution
		HideSolutionNode = FALSE
	EndGlobalSection
	GlobalSection(NestedProjects) = preSolution
		{957162A5-28EC-46B1-BDEA-49161F09B68A} = {5AAE966C-EDC3-4435-960D-AB1051196DE9}
		{B7EAA4ED-44CA-45B5-A913-12AAB30CC045} = {5AAE966C-EDC3-4435-960D-AB1051196DE9}
		{B5963FCB-2F7D-4253-9A9D-94D71C4E1BBC} = {5AAE966C-EDC3-4435-960D-AB1051196DE9}
		{1D3E1673-53EB-46EC-B89E-98A43D1D5D40} = {B5963FCB-2F7D-4253-9A9D-94D71C4E1BBC}
		{96250363-8383-4ECA-87D7-9125E7DC2B39} = {B5963FCB-2F7D-4253-9A9D-94D71C4E1BBC}
		{2D96791B-4E1C-4267-970C-02BE0D32E298} = {B5963FCB-2F7D-4253-9A9D-94D71C4E1BBC}
		{726A3701-C85E-4C1D-9B12-AA54E7A0A473} = {B5963FCB-2F7D-4253-9A9D-94D71C4E1BBC}
		{E08E0AA3-8E1A-40F6-978E-5E691C86F2D0} = {B5963FCB-2F7D-4253-9A9D-94D71C4E1BBC}
		{DFD5AEF0-25A6-49DE-B565-A82E4863BBF1} = {B5963FCB-2F7D-4253-9A9D-94D71C4E1BBC}
		{11CA04C4-467E-463E-AC4B-758F44CC407A} = {B5963FCB-2F7D-4253-9A9D-94D71C4E1BBC}
		{6BB34B27-9280-4E79-ADB1-C01FF4BABEE9} = {B5963FCB-2F7D-4253-9A9D-94D71C4E1BBC}
		{FFCCFEDC-E8C2-4A2E-BCF6-6D6AF6638C3A} = {5AAE966C-EDC3-4435-960D-AB1051196DE9}
		{9744702A-1081-4387-82D7-BEA09B2CAB15} = {2C8AAC5A-9455-456E-A813-0227B7234BDD}
		{40180110-DBB8-4A6F-A78D-F6D771DF4A30} = {5AAE966C-EDC3-4435-960D-AB1051196DE9}
		{71ACBFF5-1BB9-4C71-B874-75C5F12FD4CC} = {048EABC7-F5D0-40AB-A279-E2DF21DE054B}
		{3C1CB370-7622-468A-A12F-68EC012448C8} = {0C028BCD-B013-4AD7-8225-733E1E526AB5}
		{32453E3C-8930-4815-9BDD-6B0F5A573A47} = {FB6E5AF7-1308-465C-9FB1-AA4C851E5D05}
		{38087FFD-5A4F-479F-AAE3-1350709D230A} = {6E14354C-D1B3-4897-BC46-7668A4B3A1CA}
		{8A773366-2838-4425-9B1F-97CCBBD814A2} = {E08E0AA3-8E1A-40F6-978E-5E691C86F2D0}
		{7F40879E-F0FB-4039-8E32-51B29B82F56E} = {726A3701-C85E-4C1D-9B12-AA54E7A0A473}
		{A08FCCDB-3BCC-4479-AC93-BB6C5E9F92FA} = {1D3E1673-53EB-46EC-B89E-98A43D1D5D40}
		{29C7D1F4-34CE-4777-8A56-132A6CC4AA95} = {2D96791B-4E1C-4267-970C-02BE0D32E298}
		{97F97D01-78F5-4939-9409-C06F08303986} = {DFD5AEF0-25A6-49DE-B565-A82E4863BBF1}
		{7C677F28-BA10-4937-BBA7-B854519155FC} = {11CA04C4-467E-463E-AC4B-758F44CC407A}
		{18F2ADD4-8CA7-4494-8306-4D4827A911AF} = {6BB34B27-9280-4E79-ADB1-C01FF4BABEE9}
		{0B2B3968-1832-408A-BA3D-137E5F114F8C} = {B5963FCB-2F7D-4253-9A9D-94D71C4E1BBC}
		{708367E7-9A9A-48DD-98C1-61CA33EAC5EA} = {0B2B3968-1832-408A-BA3D-137E5F114F8C}
		{9DDD0B80-4672-4BEE-A834-A79DBBDA6942} = {B5963FCB-2F7D-4253-9A9D-94D71C4E1BBC}
		{81F1D7FE-5E64-4E2E-8205-311F9A4A13F7} = {9DDD0B80-4672-4BEE-A834-A79DBBDA6942}
		{B4B7C713-CC0E-4BE8-AC9E-4417507ECE04} = {96250363-8383-4ECA-87D7-9125E7DC2B39}
		{4D3CD437-C39E-483B-8C09-A552D8F42EEE} = {B5963FCB-2F7D-4253-9A9D-94D71C4E1BBC}
		{A69EBC7E-EB89-4630-A55B-741CACF83015} = {4D3CD437-C39E-483B-8C09-A552D8F42EEE}
		{E9FDDB38-3AB4-48B7-8DBB-AA73B89C4432} = {40180110-DBB8-4A6F-A78D-F6D771DF4A30}
		{701F3CB6-F710-4292-B2DA-EC7CBD6CAB21} = {40180110-DBB8-4A6F-A78D-F6D771DF4A30}
		{0C028BCD-B013-4AD7-8225-733E1E526AB5} = {957162A5-28EC-46B1-BDEA-49161F09B68A}
		{FB6E5AF7-1308-465C-9FB1-AA4C851E5D05} = {957162A5-28EC-46B1-BDEA-49161F09B68A}
		{2C8AAC5A-9455-456E-A813-0227B7234BDD} = {957162A5-28EC-46B1-BDEA-49161F09B68A}
		{048EABC7-F5D0-40AB-A279-E2DF21DE054B} = {957162A5-28EC-46B1-BDEA-49161F09B68A}
		{6E14354C-D1B3-4897-BC46-7668A4B3A1CA} = {B7EAA4ED-44CA-45B5-A913-12AAB30CC045}
		{B4895D1C-B189-4F73-8E02-573D3A890F9C} = {B5963FCB-2F7D-4253-9A9D-94D71C4E1BBC}
		{7767519E-2DFB-4AC0-A9C9-6DEC192523BC} = {B4895D1C-B189-4F73-8E02-573D3A890F9C}
		{C93C6041-5CF0-4D64-889E-92BB0D5216F7} = {40180110-DBB8-4A6F-A78D-F6D771DF4A30}
		{5B1D7D73-C16B-4873-A4CF-2B611196B210} = {40180110-DBB8-4A6F-A78D-F6D771DF4A30}
	EndGlobalSection
	GlobalSection(ExtensibilityGlobals) = postSolution
		SolutionGuid = {A7E5C8CF-AC27-4F01-99B7-63B7AA48FB13}
	EndGlobalSection
EndGlobal
